// !$*UTF8*$!
{
	archiveVersion = 1;
	classes = {
	};
	objectVersion = 48;
	objects = {

/* Begin PBXBuildFile section */
		A2D1744F5F13BC1F5B5AFE10 /* Pods_Demo.framework in Frameworks */ = {isa = PBXBuildFile; fileRef = C30D22F76BE038C9047EBA80 /* Pods_Demo.framework */; };
		AE2697FB2010A029001CCA25 /* Chat.framework in Frameworks */ = {isa = PBXBuildFile; fileRef = AE2697E3200FC1FE001CCA25 /* Chat.framework */; };
		AE870C10201775C100BEBF69 /* Info.plist in Resources */ = {isa = PBXBuildFile; fileRef = AE870BFC201775C100BEBF69 /* Info.plist */; };
		AE870C132017779400BEBF69 /* KeepingAtTheBottomOffsetCalculatorTests.swift in Sources */ = {isa = PBXBuildFile; fileRef = AE870BFB201775C100BEBF69 /* KeepingAtTheBottomOffsetCalculatorTests.swift */; };
		AE870C142017779400BEBF69 /* OrdinalTypeTests.swift in Sources */ = {isa = PBXBuildFile; fileRef = AE870BF9201775C100BEBF69 /* OrdinalTypeTests.swift */; };
		AE870C152017779D00BEBF69 /* UITableView+Reusable.swift in Sources */ = {isa = PBXBuildFile; fileRef = AE870BED201775C100BEBF69 /* UITableView+Reusable.swift */; };
		AE870C162017779D00BEBF69 /* UIScrollView+VerticallyOffsetable.swift in Sources */ = {isa = PBXBuildFile; fileRef = AE870BEE201775C100BEBF69 /* UIScrollView+VerticallyOffsetable.swift */; };
		AE870C17201777A300BEBF69 /* InternalChatViewControllerConfiguration.swift in Sources */ = {isa = PBXBuildFile; fileRef = AE870BF3201775C100BEBF69 /* InternalChatViewControllerConfiguration.swift */; };
		AE870C18201777A300BEBF69 /* ChatViewController.swift in Sources */ = {isa = PBXBuildFile; fileRef = AE870BF2201775C100BEBF69 /* ChatViewController.swift */; };
		AE870C19201777A300BEBF69 /* ChatWireframe.swift in Sources */ = {isa = PBXBuildFile; fileRef = AE870BF1201775C100BEBF69 /* ChatWireframe.swift */; };
		AE870C1A201777A700BEBF69 /* BubbleTextView.swift in Sources */ = {isa = PBXBuildFile; fileRef = AE870BE9201775C100BEBF69 /* BubbleTextView.swift */; };
		AE870C1B201777A700BEBF69 /* MessageCell.swift in Sources */ = {isa = PBXBuildFile; fileRef = AE870BEA201775C100BEBF69 /* MessageCell.swift */; };
		AE870C1C201777A700BEBF69 /* UIStackViewCustomizingLayout.swift in Sources */ = {isa = PBXBuildFile; fileRef = AE870BEB201775C100BEBF69 /* UIStackViewCustomizingLayout.swift */; };
		AE870C1D201777AD00BEBF69 /* KeepingAtTheBottomOffsetCalculator.swift in Sources */ = {isa = PBXBuildFile; fileRef = AE870BF7201775C100BEBF69 /* KeepingAtTheBottomOffsetCalculator.swift */; };
		AE870C1E201777AD00BEBF69 /* KeyboardHandler.swift in Sources */ = {isa = PBXBuildFile; fileRef = AE870BF6201775C100BEBF69 /* KeyboardHandler.swift */; };
		AE870C1F201777AD00BEBF69 /* OrdinalTypeRecognizer.swift in Sources */ = {isa = PBXBuildFile; fileRef = AE870BF5201775C100BEBF69 /* OrdinalTypeRecognizer.swift */; };
		AE870C20201777BB00BEBF69 /* Chat.storyboard in Resources */ = {isa = PBXBuildFile; fileRef = AE870BFF201775C100BEBF69 /* Chat.storyboard */; };
		AE8BFA222010F34D00FE3AEA /* AppDelegate.swift in Sources */ = {isa = PBXBuildFile; fileRef = AE8BFA212010F34D00FE3AEA /* AppDelegate.swift */; };
		AE8BFA292010F34D00FE3AEA /* Assets.xcassets in Resources */ = {isa = PBXBuildFile; fileRef = AE8BFA282010F34D00FE3AEA /* Assets.xcassets */; };
		AE8BFA2C2010F34D00FE3AEA /* LaunchScreen.storyboard in Resources */ = {isa = PBXBuildFile; fileRef = AE8BFA2A2010F34D00FE3AEA /* LaunchScreen.storyboard */; };
/* End PBXBuildFile section */

/* Begin PBXContainerItemProxy section */
		AE2697FC2010A029001CCA25 /* PBXContainerItemProxy */ = {
			isa = PBXContainerItemProxy;
			containerPortal = AE2697DA200FC1FE001CCA25 /* Project object */;
			proxyType = 1;
			remoteGlobalIDString = AE2697E2200FC1FE001CCA25;
			remoteInfo = Chat;
		};
/* End PBXContainerItemProxy section */

/* Begin PBXFileReference section */
		41476AFC887C14D7AB3222A1 /* Pods-Demo.debug.xcconfig */ = {isa = PBXFileReference; includeInIndex = 1; lastKnownFileType = text.xcconfig; name = "Pods-Demo.debug.xcconfig"; path = "Pods/Target Support Files/Pods-Demo/Pods-Demo.debug.xcconfig"; sourceTree = "<group>"; };
		AE2697E3200FC1FE001CCA25 /* Chat.framework */ = {isa = PBXFileReference; explicitFileType = wrapper.framework; includeInIndex = 0; path = Chat.framework; sourceTree = BUILT_PRODUCTS_DIR; };
		AE2697F62010A029001CCA25 /* ChatTests.xctest */ = {isa = PBXFileReference; explicitFileType = wrapper.cfbundle; includeInIndex = 0; path = ChatTests.xctest; sourceTree = BUILT_PRODUCTS_DIR; };
		AE870BE9201775C100BEBF69 /* BubbleTextView.swift */ = {isa = PBXFileReference; fileEncoding = 4; lastKnownFileType = sourcecode.swift; path = BubbleTextView.swift; sourceTree = "<group>"; };
		AE870BEA201775C100BEBF69 /* MessageCell.swift */ = {isa = PBXFileReference; fileEncoding = 4; lastKnownFileType = sourcecode.swift; path = MessageCell.swift; sourceTree = "<group>"; };
		AE870BEB201775C100BEBF69 /* UIStackViewCustomizingLayout.swift */ = {isa = PBXFileReference; fileEncoding = 4; lastKnownFileType = sourcecode.swift; path = UIStackViewCustomizingLayout.swift; sourceTree = "<group>"; };
		AE870BED201775C100BEBF69 /* UITableView+Reusable.swift */ = {isa = PBXFileReference; fileEncoding = 4; lastKnownFileType = sourcecode.swift; path = "UITableView+Reusable.swift"; sourceTree = "<group>"; };
		AE870BEE201775C100BEBF69 /* UIScrollView+VerticallyOffsetable.swift */ = {isa = PBXFileReference; fileEncoding = 4; lastKnownFileType = sourcecode.swift; path = "UIScrollView+VerticallyOffsetable.swift"; sourceTree = "<group>"; };
		AE870BF1201775C100BEBF69 /* ChatWireframe.swift */ = {isa = PBXFileReference; fileEncoding = 4; lastKnownFileType = sourcecode.swift; path = ChatWireframe.swift; sourceTree = "<group>"; };
		AE870BF2201775C100BEBF69 /* ChatViewController.swift */ = {isa = PBXFileReference; fileEncoding = 4; lastKnownFileType = sourcecode.swift; path = ChatViewController.swift; sourceTree = "<group>"; };
		AE870BF3201775C100BEBF69 /* InternalChatViewControllerConfiguration.swift */ = {isa = PBXFileReference; fileEncoding = 4; lastKnownFileType = sourcecode.swift; path = InternalChatViewControllerConfiguration.swift; sourceTree = "<group>"; };
		AE870BF5201775C100BEBF69 /* OrdinalTypeRecognizer.swift */ = {isa = PBXFileReference; fileEncoding = 4; lastKnownFileType = sourcecode.swift; path = OrdinalTypeRecognizer.swift; sourceTree = "<group>"; };
		AE870BF6201775C100BEBF69 /* KeyboardHandler.swift */ = {isa = PBXFileReference; fileEncoding = 4; lastKnownFileType = sourcecode.swift; path = KeyboardHandler.swift; sourceTree = "<group>"; };
		AE870BF7201775C100BEBF69 /* KeepingAtTheBottomOffsetCalculator.swift */ = {isa = PBXFileReference; fileEncoding = 4; lastKnownFileType = sourcecode.swift; path = KeepingAtTheBottomOffsetCalculator.swift; sourceTree = "<group>"; };
		AE870BF9201775C100BEBF69 /* OrdinalTypeTests.swift */ = {isa = PBXFileReference; fileEncoding = 4; lastKnownFileType = sourcecode.swift; path = OrdinalTypeTests.swift; sourceTree = "<group>"; };
		AE870BFB201775C100BEBF69 /* KeepingAtTheBottomOffsetCalculatorTests.swift */ = {isa = PBXFileReference; fileEncoding = 4; lastKnownFileType = sourcecode.swift; path = KeepingAtTheBottomOffsetCalculatorTests.swift; sourceTree = "<group>"; };
		AE870BFC201775C100BEBF69 /* Info.plist */ = {isa = PBXFileReference; fileEncoding = 4; lastKnownFileType = text.plist.xml; path = Info.plist; sourceTree = "<group>"; };
		AE870BFF201775C100BEBF69 /* Chat.storyboard */ = {isa = PBXFileReference; fileEncoding = 4; lastKnownFileType = file.storyboard; path = Chat.storyboard; sourceTree = "<group>"; };
		AE870C00201775C100BEBF69 /* Chat.h */ = {isa = PBXFileReference; fileEncoding = 4; lastKnownFileType = sourcecode.c.h; path = Chat.h; sourceTree = "<group>"; };
		AE870C01201775C100BEBF69 /* Info.plist */ = {isa = PBXFileReference; fileEncoding = 4; lastKnownFileType = text.plist.xml; path = Info.plist; sourceTree = "<group>"; };
		AE8BFA1F2010F34D00FE3AEA /* Demo.app */ = {isa = PBXFileReference; explicitFileType = wrapper.application; includeInIndex = 0; path = Demo.app; sourceTree = BUILT_PRODUCTS_DIR; };
		AE8BFA212010F34D00FE3AEA /* AppDelegate.swift */ = {isa = PBXFileReference; lastKnownFileType = sourcecode.swift; path = AppDelegate.swift; sourceTree = "<group>"; };
		AE8BFA282010F34D00FE3AEA /* Assets.xcassets */ = {isa = PBXFileReference; lastKnownFileType = folder.assetcatalog; path = Assets.xcassets; sourceTree = "<group>"; };
		AE8BFA2B2010F34D00FE3AEA /* Base */ = {isa = PBXFileReference; lastKnownFileType = file.storyboard; name = Base; path = Base.lproj/LaunchScreen.storyboard; sourceTree = "<group>"; };
		AE8BFA2D2010F34D00FE3AEA /* Info.plist */ = {isa = PBXFileReference; lastKnownFileType = text.plist.xml; path = Info.plist; sourceTree = "<group>"; };
		C30D22F76BE038C9047EBA80 /* Pods_Demo.framework */ = {isa = PBXFileReference; explicitFileType = wrapper.framework; includeInIndex = 0; path = Pods_Demo.framework; sourceTree = BUILT_PRODUCTS_DIR; };
		C88028014E681D631E4A72BB /* Pods-Demo.release.xcconfig */ = {isa = PBXFileReference; includeInIndex = 1; lastKnownFileType = text.xcconfig; name = "Pods-Demo.release.xcconfig"; path = "Pods/Target Support Files/Pods-Demo/Pods-Demo.release.xcconfig"; sourceTree = "<group>"; };
/* End PBXFileReference section */

/* Begin PBXFrameworksBuildPhase section */
		AE2697DF200FC1FE001CCA25 /* Frameworks */ = {
			isa = PBXFrameworksBuildPhase;
			buildActionMask = 2147483647;
			files = (
			);
			runOnlyForDeploymentPostprocessing = 0;
		};
		AE2697F32010A029001CCA25 /* Frameworks */ = {
			isa = PBXFrameworksBuildPhase;
			buildActionMask = 2147483647;
			files = (
				AE2697FB2010A029001CCA25 /* Chat.framework in Frameworks */,
			);
			runOnlyForDeploymentPostprocessing = 0;
		};
		AE8BFA1C2010F34D00FE3AEA /* Frameworks */ = {
			isa = PBXFrameworksBuildPhase;
			buildActionMask = 2147483647;
			files = (
				A2D1744F5F13BC1F5B5AFE10 /* Pods_Demo.framework in Frameworks */,
			);
			runOnlyForDeploymentPostprocessing = 0;
		};
/* End PBXFrameworksBuildPhase section */

/* Begin PBXGroup section */
		24EA387F0F39FAFDC74DD021 /* Frameworks */ = {
			isa = PBXGroup;
			children = (
				C30D22F76BE038C9047EBA80 /* Pods_Demo.framework */,
			);
			name = Frameworks;
			sourceTree = "<group>";
		};
		790A2AC02DC776F6D93132F3 /* Pods */ = {
			isa = PBXGroup;
			children = (
				41476AFC887C14D7AB3222A1 /* Pods-Demo.debug.xcconfig */,
				C88028014E681D631E4A72BB /* Pods-Demo.release.xcconfig */,
			);
			name = Pods;
			sourceTree = "<group>";
		};
		AE2697D9200FC1FE001CCA25 = {
			isa = PBXGroup;
			children = (
				AE8BFA202010F34D00FE3AEA /* Demo */,
				AE2697E4200FC1FE001CCA25 /* Products */,
				AE870BFD201775C100BEBF69 /* Resources */,
				AE870BE7201775C100BEBF69 /* Sources */,
				AE870BF8201775C100BEBF69 /* Tests */,
				790A2AC02DC776F6D93132F3 /* Pods */,
				24EA387F0F39FAFDC74DD021 /* Frameworks */,
			);
			sourceTree = "<group>";
		};
		AE2697E4200FC1FE001CCA25 /* Products */ = {
			isa = PBXGroup;
			children = (
				AE2697E3200FC1FE001CCA25 /* Chat.framework */,
				AE2697F62010A029001CCA25 /* ChatTests.xctest */,
				AE8BFA1F2010F34D00FE3AEA /* Demo.app */,
			);
			name = Products;
			sourceTree = "<group>";
		};
		AE870BE7201775C100BEBF69 /* Sources */ = {
			isa = PBXGroup;
			children = (
				AE870BEC201775C100BEBF69 /* Extensions */,
				AE870BEF201775C100BEBF69 /* Screens */,
				AE870BE8201775C100BEBF69 /* UI */,
				AE870BF4201775C100BEBF69 /* Utilities */,
			);
			path = Sources;
			sourceTree = "<group>";
		};
		AE870BE8201775C100BEBF69 /* UI */ = {
			isa = PBXGroup;
			children = (
				AE870BE9201775C100BEBF69 /* BubbleTextView.swift */,
				AE870BEA201775C100BEBF69 /* MessageCell.swift */,
				AE870BEB201775C100BEBF69 /* UIStackViewCustomizingLayout.swift */,
			);
			path = UI;
			sourceTree = "<group>";
		};
		AE870BEC201775C100BEBF69 /* Extensions */ = {
			isa = PBXGroup;
			children = (
				AE870BED201775C100BEBF69 /* UITableView+Reusable.swift */,
				AE870BEE201775C100BEBF69 /* UIScrollView+VerticallyOffsetable.swift */,
			);
			path = Extensions;
			sourceTree = "<group>";
		};
		AE870BEF201775C100BEBF69 /* Screens */ = {
			isa = PBXGroup;
			children = (
				AE870BF0201775C100BEBF69 /* Chat */,
			);
			path = Screens;
			sourceTree = "<group>";
		};
		AE870BF0201775C100BEBF69 /* Chat */ = {
			isa = PBXGroup;
			children = (
				AE870BF3201775C100BEBF69 /* InternalChatViewControllerConfiguration.swift */,
				AE870BF2201775C100BEBF69 /* ChatViewController.swift */,
				AE870BF1201775C100BEBF69 /* ChatWireframe.swift */,
			);
			path = Chat;
			sourceTree = "<group>";
		};
		AE870BF4201775C100BEBF69 /* Utilities */ = {
			isa = PBXGroup;
			children = (
				AE870BF7201775C100BEBF69 /* KeepingAtTheBottomOffsetCalculator.swift */,
				AE870BF6201775C100BEBF69 /* KeyboardHandler.swift */,
				AE870BF5201775C100BEBF69 /* OrdinalTypeRecognizer.swift */,
			);
			path = Utilities;
			sourceTree = "<group>";
		};
		AE870BF8201775C100BEBF69 /* Tests */ = {
			isa = PBXGroup;
			children = (
				AE870BFB201775C100BEBF69 /* KeepingAtTheBottomOffsetCalculatorTests.swift */,
				AE870BF9201775C100BEBF69 /* OrdinalTypeTests.swift */,
				AE870BFC201775C100BEBF69 /* Info.plist */,
			);
			path = Tests;
			sourceTree = "<group>";
		};
		AE870BFD201775C100BEBF69 /* Resources */ = {
			isa = PBXGroup;
			children = (
				AE870BFE201775C100BEBF69 /* Storyboards */,
				AE870C00201775C100BEBF69 /* Chat.h */,
				AE870C01201775C100BEBF69 /* Info.plist */,
			);
			path = Resources;
			sourceTree = "<group>";
		};
		AE870BFE201775C100BEBF69 /* Storyboards */ = {
			isa = PBXGroup;
			children = (
				AE870BFF201775C100BEBF69 /* Chat.storyboard */,
			);
			path = Storyboards;
			sourceTree = "<group>";
		};
		AE8BFA202010F34D00FE3AEA /* Demo */ = {
			isa = PBXGroup;
			children = (
				AE8BFA212010F34D00FE3AEA /* AppDelegate.swift */,
				AE8BFA282010F34D00FE3AEA /* Assets.xcassets */,
				AE8BFA2A2010F34D00FE3AEA /* LaunchScreen.storyboard */,
				AE8BFA2D2010F34D00FE3AEA /* Info.plist */,
			);
			path = Demo;
			sourceTree = "<group>";
		};
/* End PBXGroup section */

/* Begin PBXHeadersBuildPhase section */
		AE2697E0200FC1FE001CCA25 /* Headers */ = {
			isa = PBXHeadersBuildPhase;
			buildActionMask = 2147483647;
			files = (
			);
			runOnlyForDeploymentPostprocessing = 0;
		};
/* End PBXHeadersBuildPhase section */

/* Begin PBXNativeTarget section */
		AE2697E2200FC1FE001CCA25 /* Chat */ = {
			isa = PBXNativeTarget;
			buildConfigurationList = AE2697EB200FC1FE001CCA25 /* Build configuration list for PBXNativeTarget "Chat" */;
			buildPhases = (
				AE2697DE200FC1FE001CCA25 /* Sources */,
				AE2697DF200FC1FE001CCA25 /* Frameworks */,
				AE2697E0200FC1FE001CCA25 /* Headers */,
				AE2697E1200FC1FE001CCA25 /* Resources */,
			);
			buildRules = (
			);
			dependencies = (
			);
			name = Chat;
			productName = Chat;
			productReference = AE2697E3200FC1FE001CCA25 /* Chat.framework */;
			productType = "com.apple.product-type.framework";
		};
		AE2697F52010A029001CCA25 /* ChatTests */ = {
			isa = PBXNativeTarget;
			buildConfigurationList = AE2697FE2010A029001CCA25 /* Build configuration list for PBXNativeTarget "ChatTests" */;
			buildPhases = (
				AE2697F22010A029001CCA25 /* Sources */,
				AE2697F32010A029001CCA25 /* Frameworks */,
				AE2697F42010A029001CCA25 /* Resources */,
			);
			buildRules = (
			);
			dependencies = (
				AE2697FD2010A029001CCA25 /* PBXTargetDependency */,
			);
			name = ChatTests;
			productName = ChatTests;
			productReference = AE2697F62010A029001CCA25 /* ChatTests.xctest */;
			productType = "com.apple.product-type.bundle.unit-test";
		};
		AE8BFA1E2010F34D00FE3AEA /* Demo */ = {
			isa = PBXNativeTarget;
			buildConfigurationList = AE8BFA302010F34D00FE3AEA /* Build configuration list for PBXNativeTarget "Demo" */;
			buildPhases = (
				5CA58A0DFE9AB56B0DAB689D /* [CP] Check Pods Manifest.lock */,
				AE8BFA1B2010F34D00FE3AEA /* Sources */,
				AE8BFA1C2010F34D00FE3AEA /* Frameworks */,
				AE8BFA1D2010F34D00FE3AEA /* Resources */,
				ADFCC0BD6A8317CC2AA1AF6E /* [CP] Embed Pods Frameworks */,
			);
			buildRules = (
			);
			dependencies = (
			);
			name = Demo;
			productName = Demo;
			productReference = AE8BFA1F2010F34D00FE3AEA /* Demo.app */;
			productType = "com.apple.product-type.application";
		};
/* End PBXNativeTarget section */

/* Begin PBXProject section */
		AE2697DA200FC1FE001CCA25 /* Project object */ = {
			isa = PBXProject;
			attributes = {
				LastSwiftUpdateCheck = 0920;
				LastUpgradeCheck = 0920;
				ORGANIZATIONNAME = Stanwood;
				TargetAttributes = {
					AE2697E2200FC1FE001CCA25 = {
						CreatedOnToolsVersion = 9.2;
						LastSwiftMigration = 0920;
						ProvisioningStyle = Automatic;
					};
					AE2697F52010A029001CCA25 = {
						CreatedOnToolsVersion = 9.2;
						ProvisioningStyle = Automatic;
					};
					AE8BFA1E2010F34D00FE3AEA = {
						CreatedOnToolsVersion = 9.2;
						ProvisioningStyle = Automatic;
					};
				};
			};
			buildConfigurationList = AE2697DD200FC1FE001CCA25 /* Build configuration list for PBXProject "Chat" */;
			compatibilityVersion = "Xcode 8.0";
			developmentRegion = en;
			hasScannedForEncodings = 0;
			knownRegions = (
				en,
				Base,
			);
			mainGroup = AE2697D9200FC1FE001CCA25;
			productRefGroup = AE2697E4200FC1FE001CCA25 /* Products */;
			projectDirPath = "";
			projectRoot = "";
			targets = (
				AE8BFA1E2010F34D00FE3AEA /* Demo */,
				AE2697E2200FC1FE001CCA25 /* Chat */,
				AE2697F52010A029001CCA25 /* ChatTests */,
			);
		};
/* End PBXProject section */

/* Begin PBXResourcesBuildPhase section */
		AE2697E1200FC1FE001CCA25 /* Resources */ = {
			isa = PBXResourcesBuildPhase;
			buildActionMask = 2147483647;
			files = (
				AE870C20201777BB00BEBF69 /* Chat.storyboard in Resources */,
			);
			runOnlyForDeploymentPostprocessing = 0;
		};
		AE2697F42010A029001CCA25 /* Resources */ = {
			isa = PBXResourcesBuildPhase;
			buildActionMask = 2147483647;
			files = (
			);
			runOnlyForDeploymentPostprocessing = 0;
		};
		AE8BFA1D2010F34D00FE3AEA /* Resources */ = {
			isa = PBXResourcesBuildPhase;
			buildActionMask = 2147483647;
			files = (
				AE8BFA2C2010F34D00FE3AEA /* LaunchScreen.storyboard in Resources */,
				AE8BFA292010F34D00FE3AEA /* Assets.xcassets in Resources */,
				AE870C10201775C100BEBF69 /* Info.plist in Resources */,
			);
			runOnlyForDeploymentPostprocessing = 0;
		};
/* End PBXResourcesBuildPhase section */

/* Begin PBXShellScriptBuildPhase section */
		5CA58A0DFE9AB56B0DAB689D /* [CP] Check Pods Manifest.lock */ = {
			isa = PBXShellScriptBuildPhase;
			buildActionMask = 2147483647;
			files = (
			);
			inputPaths = (
				"${PODS_PODFILE_DIR_PATH}/Podfile.lock",
				"${PODS_ROOT}/Manifest.lock",
			);
			name = "[CP] Check Pods Manifest.lock";
			outputPaths = (
				"$(DERIVED_FILE_DIR)/Pods-Demo-checkManifestLockResult.txt",
			);
			runOnlyForDeploymentPostprocessing = 0;
			shellPath = /bin/sh;
			shellScript = "diff \"${PODS_PODFILE_DIR_PATH}/Podfile.lock\" \"${PODS_ROOT}/Manifest.lock\" > /dev/null\nif [ $? != 0 ] ; then\n    # print error to STDERR\n    echo \"error: The sandbox is not in sync with the Podfile.lock. Run 'pod install' or update your CocoaPods installation.\" >&2\n    exit 1\nfi\n# This output is used by Xcode 'outputs' to avoid re-running this script phase.\necho \"SUCCESS\" > \"${SCRIPT_OUTPUT_FILE_0}\"\n";
			showEnvVarsInLog = 0;
		};
		ADFCC0BD6A8317CC2AA1AF6E /* [CP] Embed Pods Frameworks */ = {
			isa = PBXShellScriptBuildPhase;
			buildActionMask = 2147483647;
			files = (
			);
			inputPaths = (
				"${SRCROOT}/Pods/Target Support Files/Pods-Demo/Pods-Demo-frameworks.sh",
				"${BUILT_PRODUCTS_DIR}/StanwoodChat/StanwoodChat.framework",
			);
			name = "[CP] Embed Pods Frameworks";
			outputPaths = (
				"${TARGET_BUILD_DIR}/${FRAMEWORKS_FOLDER_PATH}/StanwoodChat.framework",
			);
			runOnlyForDeploymentPostprocessing = 0;
			shellPath = /bin/sh;
			shellScript = "\"${SRCROOT}/Pods/Target Support Files/Pods-Demo/Pods-Demo-frameworks.sh\"\n";
			showEnvVarsInLog = 0;
		};
/* End PBXShellScriptBuildPhase section */

/* Begin PBXSourcesBuildPhase section */
		AE2697DE200FC1FE001CCA25 /* Sources */ = {
			isa = PBXSourcesBuildPhase;
			buildActionMask = 2147483647;
			files = (
				AE870C17201777A300BEBF69 /* InternalChatViewControllerConfiguration.swift in Sources */,
				AE870C1A201777A700BEBF69 /* BubbleTextView.swift in Sources */,
				AE870C152017779D00BEBF69 /* UITableView+Reusable.swift in Sources */,
				AE870C1D201777AD00BEBF69 /* KeepingAtTheBottomOffsetCalculator.swift in Sources */,
				AE870C18201777A300BEBF69 /* ChatViewController.swift in Sources */,
				AE870C1F201777AD00BEBF69 /* OrdinalTypeRecognizer.swift in Sources */,
				AE870C1E201777AD00BEBF69 /* KeyboardHandler.swift in Sources */,
				AE870C19201777A300BEBF69 /* ChatWireframe.swift in Sources */,
				AE870C162017779D00BEBF69 /* UIScrollView+VerticallyOffsetable.swift in Sources */,
				AE870C1C201777A700BEBF69 /* UIStackViewCustomizingLayout.swift in Sources */,
				AE870C1B201777A700BEBF69 /* MessageCell.swift in Sources */,
			);
			runOnlyForDeploymentPostprocessing = 0;
		};
		AE2697F22010A029001CCA25 /* Sources */ = {
			isa = PBXSourcesBuildPhase;
			buildActionMask = 2147483647;
			files = (
				AE870C132017779400BEBF69 /* KeepingAtTheBottomOffsetCalculatorTests.swift in Sources */,
				AE870C142017779400BEBF69 /* OrdinalTypeTests.swift in Sources */,
			);
			runOnlyForDeploymentPostprocessing = 0;
		};
		AE8BFA1B2010F34D00FE3AEA /* Sources */ = {
			isa = PBXSourcesBuildPhase;
			buildActionMask = 2147483647;
			files = (
				AE8BFA222010F34D00FE3AEA /* AppDelegate.swift in Sources */,
			);
			runOnlyForDeploymentPostprocessing = 0;
		};
/* End PBXSourcesBuildPhase section */

/* Begin PBXTargetDependency section */
		AE2697FD2010A029001CCA25 /* PBXTargetDependency */ = {
			isa = PBXTargetDependency;
			target = AE2697E2200FC1FE001CCA25 /* Chat */;
			targetProxy = AE2697FC2010A029001CCA25 /* PBXContainerItemProxy */;
		};
/* End PBXTargetDependency section */

/* Begin PBXVariantGroup section */
		AE8BFA2A2010F34D00FE3AEA /* LaunchScreen.storyboard */ = {
			isa = PBXVariantGroup;
			children = (
				AE8BFA2B2010F34D00FE3AEA /* Base */,
			);
			name = LaunchScreen.storyboard;
			sourceTree = "<group>";
		};
/* End PBXVariantGroup section */

/* Begin XCBuildConfiguration section */
		AE2697E9200FC1FE001CCA25 /* Debug */ = {
			isa = XCBuildConfiguration;
			buildSettings = {
				ALWAYS_SEARCH_USER_PATHS = NO;
				CLANG_ANALYZER_NONNULL = YES;
				CLANG_ANALYZER_NUMBER_OBJECT_CONVERSION = YES_AGGRESSIVE;
				CLANG_CXX_LANGUAGE_STANDARD = "gnu++14";
				CLANG_CXX_LIBRARY = "libc++";
				CLANG_ENABLE_MODULES = YES;
				CLANG_ENABLE_OBJC_ARC = YES;
				CLANG_WARN_BLOCK_CAPTURE_AUTORELEASING = YES;
				CLANG_WARN_BOOL_CONVERSION = YES;
				CLANG_WARN_COMMA = YES;
				CLANG_WARN_CONSTANT_CONVERSION = YES;
				CLANG_WARN_DIRECT_OBJC_ISA_USAGE = YES_ERROR;
				CLANG_WARN_DOCUMENTATION_COMMENTS = YES;
				CLANG_WARN_EMPTY_BODY = YES;
				CLANG_WARN_ENUM_CONVERSION = YES;
				CLANG_WARN_INFINITE_RECURSION = YES;
				CLANG_WARN_INT_CONVERSION = YES;
				CLANG_WARN_NON_LITERAL_NULL_CONVERSION = YES;
				CLANG_WARN_OBJC_LITERAL_CONVERSION = YES;
				CLANG_WARN_OBJC_ROOT_CLASS = YES_ERROR;
				CLANG_WARN_RANGE_LOOP_ANALYSIS = YES;
				CLANG_WARN_STRICT_PROTOTYPES = YES;
				CLANG_WARN_SUSPICIOUS_MOVE = YES;
				CLANG_WARN_UNGUARDED_AVAILABILITY = YES_AGGRESSIVE;
				CLANG_WARN_UNREACHABLE_CODE = YES;
				CLANG_WARN__DUPLICATE_METHOD_MATCH = YES;
				CODE_SIGN_IDENTITY = "iPhone Developer";
				COPY_PHASE_STRIP = NO;
				CURRENT_PROJECT_VERSION = 1;
				DEBUG_INFORMATION_FORMAT = dwarf;
				ENABLE_STRICT_OBJC_MSGSEND = YES;
				ENABLE_TESTABILITY = YES;
				GCC_C_LANGUAGE_STANDARD = gnu11;
				GCC_DYNAMIC_NO_PIC = NO;
				GCC_NO_COMMON_BLOCKS = YES;
				GCC_OPTIMIZATION_LEVEL = 0;
				GCC_PREPROCESSOR_DEFINITIONS = (
					"DEBUG=1",
					"$(inherited)",
				);
				GCC_WARN_64_TO_32_BIT_CONVERSION = YES;
				GCC_WARN_ABOUT_RETURN_TYPE = YES_ERROR;
				GCC_WARN_UNDECLARED_SELECTOR = YES;
				GCC_WARN_UNINITIALIZED_AUTOS = YES_AGGRESSIVE;
				GCC_WARN_UNUSED_FUNCTION = YES;
				GCC_WARN_UNUSED_VARIABLE = YES;
				IPHONEOS_DEPLOYMENT_TARGET = 11.2;
				MTL_ENABLE_DEBUG_INFO = YES;
				ONLY_ACTIVE_ARCH = YES;
				SDKROOT = iphoneos;
				SWIFT_ACTIVE_COMPILATION_CONDITIONS = DEBUG;
				SWIFT_OPTIMIZATION_LEVEL = "-Onone";
				VERSIONING_SYSTEM = "apple-generic";
				VERSION_INFO_PREFIX = "";
			};
			name = Debug;
		};
		AE2697EA200FC1FE001CCA25 /* Release */ = {
			isa = XCBuildConfiguration;
			buildSettings = {
				ALWAYS_SEARCH_USER_PATHS = NO;
				CLANG_ANALYZER_NONNULL = YES;
				CLANG_ANALYZER_NUMBER_OBJECT_CONVERSION = YES_AGGRESSIVE;
				CLANG_CXX_LANGUAGE_STANDARD = "gnu++14";
				CLANG_CXX_LIBRARY = "libc++";
				CLANG_ENABLE_MODULES = YES;
				CLANG_ENABLE_OBJC_ARC = YES;
				CLANG_WARN_BLOCK_CAPTURE_AUTORELEASING = YES;
				CLANG_WARN_BOOL_CONVERSION = YES;
				CLANG_WARN_COMMA = YES;
				CLANG_WARN_CONSTANT_CONVERSION = YES;
				CLANG_WARN_DIRECT_OBJC_ISA_USAGE = YES_ERROR;
				CLANG_WARN_DOCUMENTATION_COMMENTS = YES;
				CLANG_WARN_EMPTY_BODY = YES;
				CLANG_WARN_ENUM_CONVERSION = YES;
				CLANG_WARN_INFINITE_RECURSION = YES;
				CLANG_WARN_INT_CONVERSION = YES;
				CLANG_WARN_NON_LITERAL_NULL_CONVERSION = YES;
				CLANG_WARN_OBJC_LITERAL_CONVERSION = YES;
				CLANG_WARN_OBJC_ROOT_CLASS = YES_ERROR;
				CLANG_WARN_RANGE_LOOP_ANALYSIS = YES;
				CLANG_WARN_STRICT_PROTOTYPES = YES;
				CLANG_WARN_SUSPICIOUS_MOVE = YES;
				CLANG_WARN_UNGUARDED_AVAILABILITY = YES_AGGRESSIVE;
				CLANG_WARN_UNREACHABLE_CODE = YES;
				CLANG_WARN__DUPLICATE_METHOD_MATCH = YES;
				CODE_SIGN_IDENTITY = "iPhone Developer";
				COPY_PHASE_STRIP = NO;
				CURRENT_PROJECT_VERSION = 1;
				DEBUG_INFORMATION_FORMAT = "dwarf-with-dsym";
				ENABLE_NS_ASSERTIONS = NO;
				ENABLE_STRICT_OBJC_MSGSEND = YES;
				GCC_C_LANGUAGE_STANDARD = gnu11;
				GCC_NO_COMMON_BLOCKS = YES;
				GCC_WARN_64_TO_32_BIT_CONVERSION = YES;
				GCC_WARN_ABOUT_RETURN_TYPE = YES_ERROR;
				GCC_WARN_UNDECLARED_SELECTOR = YES;
				GCC_WARN_UNINITIALIZED_AUTOS = YES_AGGRESSIVE;
				GCC_WARN_UNUSED_FUNCTION = YES;
				GCC_WARN_UNUSED_VARIABLE = YES;
				IPHONEOS_DEPLOYMENT_TARGET = 11.2;
				MTL_ENABLE_DEBUG_INFO = NO;
				SDKROOT = iphoneos;
				SWIFT_OPTIMIZATION_LEVEL = "-Owholemodule";
				VALIDATE_PRODUCT = YES;
				VERSIONING_SYSTEM = "apple-generic";
				VERSION_INFO_PREFIX = "";
			};
			name = Release;
		};
		AE2697EC200FC1FE001CCA25 /* Debug */ = {
			isa = XCBuildConfiguration;
			buildSettings = {
				CLANG_ENABLE_MODULES = YES;
				CODE_SIGN_IDENTITY = "";
				CODE_SIGN_STYLE = Automatic;
				DEFINES_MODULE = YES;
				DEVELOPMENT_TEAM = E695UC6Q3Q;
				DYLIB_COMPATIBILITY_VERSION = 1;
				DYLIB_CURRENT_VERSION = 1;
				DYLIB_INSTALL_NAME_BASE = "@rpath";
				INFOPLIST_FILE = Resources/Info.plist;
				INSTALL_PATH = "$(LOCAL_LIBRARY_DIR)/Frameworks";
				IPHONEOS_DEPLOYMENT_TARGET = 11.0;
				LD_RUNPATH_SEARCH_PATHS = "$(inherited) @executable_path/Frameworks @loader_path/Frameworks";
				PRODUCT_BUNDLE_IDENTIFIER = stanwood.de.Chat;
				PRODUCT_NAME = "$(TARGET_NAME:c99extidentifier)";
				SKIP_INSTALL = YES;
				SWIFT_OPTIMIZATION_LEVEL = "-Onone";
				SWIFT_VERSION = 4.0;
				TARGETED_DEVICE_FAMILY = "1,2";
			};
			name = Debug;
		};
		AE2697ED200FC1FE001CCA25 /* Release */ = {
			isa = XCBuildConfiguration;
			buildSettings = {
				CLANG_ENABLE_MODULES = YES;
				CODE_SIGN_IDENTITY = "";
				CODE_SIGN_STYLE = Automatic;
				DEFINES_MODULE = YES;
				DEVELOPMENT_TEAM = E695UC6Q3Q;
				DYLIB_COMPATIBILITY_VERSION = 1;
				DYLIB_CURRENT_VERSION = 1;
				DYLIB_INSTALL_NAME_BASE = "@rpath";
				INFOPLIST_FILE = Resources/Info.plist;
				INSTALL_PATH = "$(LOCAL_LIBRARY_DIR)/Frameworks";
				IPHONEOS_DEPLOYMENT_TARGET = 11.0;
				LD_RUNPATH_SEARCH_PATHS = "$(inherited) @executable_path/Frameworks @loader_path/Frameworks";
				PRODUCT_BUNDLE_IDENTIFIER = stanwood.de.Chat;
				PRODUCT_NAME = "$(TARGET_NAME:c99extidentifier)";
				SKIP_INSTALL = YES;
				SWIFT_VERSION = 4.0;
				TARGETED_DEVICE_FAMILY = "1,2";
			};
			name = Release;
		};
		AE2697FF2010A029001CCA25 /* Debug */ = {
			isa = XCBuildConfiguration;
			buildSettings = {
				ALWAYS_EMBED_SWIFT_STANDARD_LIBRARIES = YES;
				CODE_SIGN_STYLE = Automatic;
				DEVELOPMENT_TEAM = E695UC6Q3Q;
				INFOPLIST_FILE = Tests/Info.plist;
				LD_RUNPATH_SEARCH_PATHS = "$(inherited) @executable_path/Frameworks @loader_path/Frameworks";
				PRODUCT_BUNDLE_IDENTIFIER = stanwood.de.ChatTests;
				PRODUCT_NAME = "$(TARGET_NAME)";
				SWIFT_VERSION = 4.0;
				TARGETED_DEVICE_FAMILY = "1,2";
			};
			name = Debug;
		};
		AE2698002010A029001CCA25 /* Release */ = {
			isa = XCBuildConfiguration;
			buildSettings = {
				ALWAYS_EMBED_SWIFT_STANDARD_LIBRARIES = YES;
				CODE_SIGN_STYLE = Automatic;
				DEVELOPMENT_TEAM = E695UC6Q3Q;
				INFOPLIST_FILE = Tests/Info.plist;
				LD_RUNPATH_SEARCH_PATHS = "$(inherited) @executable_path/Frameworks @loader_path/Frameworks";
				PRODUCT_BUNDLE_IDENTIFIER = stanwood.de.ChatTests;
				PRODUCT_NAME = "$(TARGET_NAME)";
				SWIFT_VERSION = 4.0;
				TARGETED_DEVICE_FAMILY = "1,2";
			};
			name = Release;
		};
		AE8BFA2E2010F34D00FE3AEA /* Debug */ = {
			isa = XCBuildConfiguration;
			baseConfigurationReference = 41476AFC887C14D7AB3222A1 /* Pods-Demo.debug.xcconfig */;
			buildSettings = {
				ASSETCATALOG_COMPILER_APPICON_NAME = AppIcon;
				CODE_SIGN_STYLE = Automatic;
				DEVELOPMENT_TEAM = E695UC6Q3Q;
				INFOPLIST_FILE = Demo/Info.plist;
				IPHONEOS_DEPLOYMENT_TARGET = 11.0;
				LD_RUNPATH_SEARCH_PATHS = "$(inherited) @executable_path/Frameworks";
				PRODUCT_BUNDLE_IDENTIFIER = stanwood.de.Demo;
				PRODUCT_NAME = "$(TARGET_NAME)";
				SWIFT_VERSION = 4.0;
				TARGETED_DEVICE_FAMILY = "1,2";
			};
			name = Debug;
		};
		AE8BFA2F2010F34D00FE3AEA /* Release */ = {
			isa = XCBuildConfiguration;
			baseConfigurationReference = C88028014E681D631E4A72BB /* Pods-Demo.release.xcconfig */;
			buildSettings = {
				ASSETCATALOG_COMPILER_APPICON_NAME = AppIcon;
				CODE_SIGN_STYLE = Automatic;
				DEVELOPMENT_TEAM = E695UC6Q3Q;
				INFOPLIST_FILE = Demo/Info.plist;
				IPHONEOS_DEPLOYMENT_TARGET = 11.0;
				LD_RUNPATH_SEARCH_PATHS = "$(inherited) @executable_path/Frameworks";
				PRODUCT_BUNDLE_IDENTIFIER = stanwood.de.Demo;
				PRODUCT_NAME = "$(TARGET_NAME)";
				SWIFT_VERSION = 4.0;
				TARGETED_DEVICE_FAMILY = "1,2";
			};
			name = Release;
		};
/* End XCBuildConfiguration section */

/* Begin XCConfigurationList section */
		AE2697DD200FC1FE001CCA25 /* Build configuration list for PBXProject "Chat" */ = {
			isa = XCConfigurationList;
			buildConfigurations = (
				AE2697E9200FC1FE001CCA25 /* Debug */,
				AE2697EA200FC1FE001CCA25 /* Release */,
			);
			defaultConfigurationIsVisible = 0;
			defaultConfigurationName = Release;
		};
		AE2697EB200FC1FE001CCA25 /* Build configuration list for PBXNativeTarget "Chat" */ = {
			isa = XCConfigurationList;
			buildConfigurations = (
				AE2697EC200FC1FE001CCA25 /* Debug */,
				AE2697ED200FC1FE001CCA25 /* Release */,
			);
			defaultConfigurationIsVisible = 0;
			defaultConfigurationName = Release;
		};
		AE2697FE2010A029001CCA25 /* Build configuration list for PBXNativeTarget "ChatTests" */ = {
			isa = XCConfigurationList;
			buildConfigurations = (
				AE2697FF2010A029001CCA25 /* Debug */,
				AE2698002010A029001CCA25 /* Release */,
			);
			defaultConfigurationIsVisible = 0;
			defaultConfigurationName = Release;
		};
		AE8BFA302010F34D00FE3AEA /* Build configuration list for PBXNativeTarget "Demo" */ = {
			isa = XCConfigurationList;
			buildConfigurations = (
				AE8BFA2E2010F34D00FE3AEA /* Debug */,
				AE8BFA2F2010F34D00FE3AEA /* Release */,
			);
			defaultConfigurationIsVisible = 0;
			defaultConfigurationName = Release;
		};
/* End XCConfigurationList section */
	};
	rootObject = AE2697DA200FC1FE001CCA25 /* Project object */;
}
